
Microsoft Visual Studio Solution File, Format Version 12.00
# Visual Studio Version 17
VisualStudioVersion = 17.9.34728.123
MinimumVisualStudioVersion = 10.0.40219.1
Project("{FAE04EC0-301F-11D3-BF4B-00C04F79EFBC}") = "Labb3Api2", "Labb3Api2\Labb3Api2.csproj", "{097F19E0-B00A-4090-88E5-B8567B1D9633}"
EndProject
Global
	GlobalSection(SolutionConfigurationPlatforms) = preSolution
		Debug|Any CPU = Debug|Any CPU
		Release|Any CPU = Release|Any CPU
	EndGlobalSection
	GlobalSection(ProjectConfigurationPlatforms) = postSolution
		{097F19E0-B00A-4090-88E5-B8567B1D9633}.Debug|Any CPU.ActiveCfg = Debug|Any CPU
		{097F19E0-B00A-4090-88E5-B8567B1D9633}.Debug|Any CPU.Build.0 = Debug|Any CPU
		{097F19E0-B00A-4090-88E5-B8567B1D9633}.Release|Any CPU.ActiveCfg = Release|Any CPU
		{097F19E0-B00A-4090-88E5-B8567B1D9633}.Release|Any CPU.Build.0 = Release|Any CPU
	EndGlobalSection
	GlobalSection(SolutionProperties) = preSolution
		HideSolutionNode = FALSE
	EndGlobalSection
	GlobalSection(ExtensibilityGlobals) = postSolution
		SolutionGuid = {96CEA6EF-DD66-41CD-A966-B24D76639A5F}
	EndGlobalSection
EndGlobal
